# THIS IS AN AUTOGENERATED FILE. DO NOT EDIT THIS FILE DIRECTLY.
# yarn lockfile v1


mouse-change@^1.4.0:
  version "1.4.0"
  resolved "https://registry.yarnpkg.com/mouse-change/-/mouse-change-1.4.0.tgz#c2b77e5bfa34a43ce1445c8157a4e4dc9895c14f"
  dependencies:
    mouse-event "^1.0.0"

mouse-event@^1.0.0:
  version "1.0.5"
  resolved "https://registry.yarnpkg.com/mouse-event/-/mouse-event-1.0.5.tgz#b3789edb7109997d5a932d1d01daa1543a501732"

regl@^1.3.7:
  version "1.3.7"
  resolved "https://registry.yarnpkg.com/regl/-/regl-1.3.7.tgz#0742755dead1aa230f08b79b98baea1048a2b80a"
